// !$*UTF8*$!
{
	archiveVersion = 1;
	classes = {
	};
	objectVersion = 46;
	objects = {

/* Begin PBXBuildFile section */
		18D458451992244F0055977F /* Foundation.framework in Frameworks */ = {isa = PBXBuildFile; fileRef = 18D458441992244F0055977F /* Foundation.framework */; };
		18D458471992244F0055977F /* CoreGraphics.framework in Frameworks */ = {isa = PBXBuildFile; fileRef = 18D458461992244F0055977F /* CoreGraphics.framework */; };
		18D45849199224500055977F /* UIKit.framework in Frameworks */ = {isa = PBXBuildFile; fileRef = 18D458481992244F0055977F /* UIKit.framework */; };
		18D4584F199224500055977F /* InfoPlist.strings in Resources */ = {isa = PBXBuildFile; fileRef = 18D4584D199224500055977F /* InfoPlist.strings */; };
		18D45851199224500055977F /* main.m in Sources */ = {isa = PBXBuildFile; fileRef = 18D45850199224500055977F /* main.m */; };
		18D45855199224500055977F /* ZWYAppDelegate.m in Sources */ = {isa = PBXBuildFile; fileRef = 18D45854199224500055977F /* ZWYAppDelegate.m */; };
		18D45858199224500055977F /* Main.storyboard in Resources */ = {isa = PBXBuildFile; fileRef = 18D45856199224500055977F /* Main.storyboard */; };
		18D4585B199224500055977F /* ZWYViewController.m in Sources */ = {isa = PBXBuildFile; fileRef = 18D4585A199224500055977F /* ZWYViewController.m */; };
		18D4585D199224500055977F /* Images.xcassets in Resources */ = {isa = PBXBuildFile; fileRef = 18D4585C199224500055977F /* Images.xcassets */; };
		18D45864199224500055977F /* XCTest.framework in Frameworks */ = {isa = PBXBuildFile; fileRef = 18D45863199224500055977F /* XCTest.framework */; };
		18D45865199224500055977F /* Foundation.framework in Frameworks */ = {isa = PBXBuildFile; fileRef = 18D458441992244F0055977F /* Foundation.framework */; };
		18D45866199224500055977F /* UIKit.framework in Frameworks */ = {isa = PBXBuildFile; fileRef = 18D458481992244F0055977F /* UIKit.framework */; };
		18D4586E199224500055977F /* InfoPlist.strings in Resources */ = {isa = PBXBuildFile; fileRef = 18D4586C199224500055977F /* InfoPlist.strings */; };
		18D45870199224500055977F /* testCreatGitTests.m in Sources */ = {isa = PBXBuildFile; fileRef = 18D4586F199224500055977F /* testCreatGitTests.m */; };
/* End PBXBuildFile section */

/* Begin PBXContainerItemProxy section */
		18D45867199224500055977F /* PBXContainerItemProxy */ = {
			isa = PBXContainerItemProxy;
			containerPortal = 18D458391992244F0055977F /* Project object */;
			proxyType = 1;
			remoteGlobalIDString = 18D458401992244F0055977F;
			remoteInfo = testCreatGit;
		};
/* End PBXContainerItemProxy section */

/* Begin PBXFileReference section */
		18D458411992244F0055977F /* testCreatGit.app */ = {isa = PBXFileReference; explicitFileType = wrapper.application; includeInIndex = 0; path = testCreatGit.app; sourceTree = BUILT_PRODUCTS_DIR; };
		18D458441992244F0055977F /* Foundation.framework */ = {isa = PBXFileReference; lastKnownFileType = wrapper.framework; name = Foundation.framework; path = System/Library/Frameworks/Foundation.framework; sourceTree = SDKROOT; };
		18D458461992244F0055977F /* CoreGraphics.framework */ = {isa = PBXFileReference; lastKnownFileType = wrapper.framework; name = CoreGraphics.framework; path = System/Library/Frameworks/CoreGraphics.framework; sourceTree = SDKROOT; };
		18D458481992244F0055977F /* UIKit.framework */ = {isa = PBXFileReference; lastKnownFileType = wrapper.framework; name = UIKit.framework; path = System/Library/Frameworks/UIKit.framework; sourceTree = SDKROOT; };
		18D4584C199224500055977F /* testCreatGit-Info.plist */ = {isa = PBXFileReference; lastKnownFileType = text.plist.xml; path = "testCreatGit-Info.plist"; sourceTree = "<group>"; };
		18D4584E199224500055977F /* en */ = {isa = PBXFileReference; lastKnownFileType = text.plist.strings; name = en; path = en.lproj/InfoPlist.strings; sourceTree = "<group>"; };
		18D45850199224500055977F /* main.m */ = {isa = PBXFileReference; lastKnownFileType = sourcecode.c.objc; path = main.m; sourceTree = "<group>"; };
		18D45852199224500055977F /* testCreatGit-Prefix.pch */ = {isa = PBXFileReference; lastKnownFileType = sourcecode.c.h; path = "testCreatGit-Prefix.pch"; sourceTree = "<group>"; };
		18D45853199224500055977F /* ZWYAppDelegate.h */ = {isa = PBXFileReference; lastKnownFileType = sourcecode.c.h; path = ZWYAppDelegate.h; sourceTree = "<group>"; };
		18D45854199224500055977F /* ZWYAppDelegate.m */ = {isa = PBXFileReference; lastKnownFileType = sourcecode.c.objc; path = ZWYAppDelegate.m; sourceTree = "<group>"; };
		18D45857199224500055977F /* Base */ = {isa = PBXFileReference; lastKnownFileType = file.storyboard; name = Base; path = Base.lproj/Main.storyboard; sourceTree = "<group>"; };
		18D45859199224500055977F /* ZWYViewController.h */ = {isa = PBXFileReference; lastKnownFileType = sourcecode.c.h; path = ZWYViewController.h; sourceTree = "<group>"; };
		18D4585A199224500055977F /* ZWYViewController.m */ = {isa = PBXFileReference; lastKnownFileType = sourcecode.c.objc; path = ZWYViewController.m; sourceTree = "<group>"; };
		18D4585C199224500055977F /* Images.xcassets */ = {isa = PBXFileReference; lastKnownFileType = folder.assetcatalog; path = Images.xcassets; sourceTree = "<group>"; };
		18D45862199224500055977F /* testCreatGitTests.xctest */ = {isa = PBXFileReference; explicitFileType = wrapper.cfbundle; includeInIndex = 0; path = testCreatGitTests.xctest; sourceTree = BUILT_PRODUCTS_DIR; };
		18D45863199224500055977F /* XCTest.framework */ = {isa = PBXFileReference; lastKnownFileType = wrapper.framework; name = XCTest.framework; path = Library/Frameworks/XCTest.framework; sourceTree = DEVELOPER_DIR; };
		18D4586B199224500055977F /* testCreatGitTests-Info.plist */ = {isa = PBXFileReference; lastKnownFileType = text.plist.xml; path = "testCreatGitTests-Info.plist"; sourceTree = "<group>"; };
		18D4586D199224500055977F /* en */ = {isa = PBXFileReference; lastKnownFileType = text.plist.strings; name = en; path = en.lproj/InfoPlist.strings; sourceTree = "<group>"; };
		18D4586F199224500055977F /* testCreatGitTests.m */ = {isa = PBXFileReference; lastKnownFileType = sourcecode.c.objc; path = testCreatGitTests.m; sourceTree = "<group>"; };
/* End PBXFileReference section */

/* Begin PBXFrameworksBuildPhase section */
		18D4583E1992244F0055977F /* Frameworks */ = {
			isa = PBXFrameworksBuildPhase;
			buildActionMask = 2147483647;
			files = (
				18D458471992244F0055977F /* CoreGraphics.framework in Frameworks */,
				18D45849199224500055977F /* UIKit.framework in Frameworks */,
				18D458451992244F0055977F /* Foundation.framework in Frameworks */,
			);
			runOnlyForDeploymentPostprocessing = 0;
		};
		18D4585F199224500055977F /* Frameworks */ = {
			isa = PBXFrameworksBuildPhase;
			buildActionMask = 2147483647;
			files = (
				18D45864199224500055977F /* XCTest.framework in Frameworks */,
				18D45866199224500055977F /* UIKit.framework in Frameworks */,
				18D45865199224500055977F /* Foundation.framework in Frameworks */,
			);
			runOnlyForDeploymentPostprocessing = 0;
		};
/* End PBXFrameworksBuildPhase section */

/* Begin PBXGroup section */
		18D458381992244F0055977F = {
			isa = PBXGroup;
			children = (
				18D4584A199224500055977F /* testCreatGit */,
				18D45869199224500055977F /* testCreatGitTests */,
				18D458431992244F0055977F /* Frameworks */,
				18D458421992244F0055977F /* Products */,
			);
			sourceTree = "<group>";
		};
		18D458421992244F0055977F /* Products */ = {
			isa = PBXGroup;
			children = (
				18D458411992244F0055977F /* testCreatGit.app */,
				18D45862199224500055977F /* testCreatGitTests.xctest */,
			);
			name = Products;
			sourceTree = "<group>";
		};
		18D458431992244F0055977F /* Frameworks */ = {
			isa = PBXGroup;
			children = (
				18D458441992244F0055977F /* Foundation.framework */,
				18D458461992244F0055977F /* CoreGraphics.framework */,
				18D458481992244F0055977F /* UIKit.framework */,
				18D45863199224500055977F /* XCTest.framework */,
			);
			name = Frameworks;
			sourceTree = "<group>";
		};
		18D4584A199224500055977F /* testCreatGit */ = {
			isa = PBXGroup;
			children = (
				18D45853199224500055977F /* ZWYAppDelegate.h */,
				18D45854199224500055977F /* ZWYAppDelegate.m */,
				18D45856199224500055977F /* Main.storyboard */,
				18D45859199224500055977F /* ZWYViewController.h */,
				18D4585A199224500055977F /* ZWYViewController.m */,
				18D4585C199224500055977F /* Images.xcassets */,
				18D4584B199224500055977F /* Supporting Files */,
			);
			path = testCreatGit;
			sourceTree = "<group>";
		};
		18D4584B199224500055977F /* Supporting Files */ = {
			isa = PBXGroup;
			children = (
				18D4584C199224500055977F /* testCreatGit-Info.plist */,
				18D4584D199224500055977F /* InfoPlist.strings */,
				18D45850199224500055977F /* main.m */,
				18D45852199224500055977F /* testCreatGit-Prefix.pch */,
			);
			name = "Supporting Files";
			sourceTree = "<group>";
		};
		18D45869199224500055977F /* testCreatGitTests */ = {
			isa = PBXGroup;
			children = (
				18D4586F199224500055977F /* testCreatGitTests.m */,
				18D4586A199224500055977F /* Supporting Files */,
			);
			path = testCreatGitTests;
			sourceTree = "<group>";
		};
		18D4586A199224500055977F /* Supporting Files */ = {
			isa = PBXGroup;
			children = (
				18D4586B199224500055977F /* testCreatGitTests-Info.plist */,
				18D4586C199224500055977F /* InfoPlist.strings */,
			);
			name = "Supporting Files";
			sourceTree = "<group>";
		};
/* End PBXGroup section */

/* Begin PBXNativeTarget section */
		18D458401992244F0055977F /* testCreatGit */ = {
			isa = PBXNativeTarget;
			buildConfigurationList = 18D45873199224500055977F /* Build configuration list for PBXNativeTarget "testCreatGit" */;
			buildPhases = (
				18D4583D1992244F0055977F /* Sources */,
				18D4583E1992244F0055977F /* Frameworks */,
				18D4583F1992244F0055977F /* Resources */,
			);
			buildRules = (
			);
			dependencies = (
			);
			name = testCreatGit;
			productName = testCreatGit;
			productReference = 18D458411992244F0055977F /* testCreatGit.app */;
			productType = "com.apple.product-type.application";
		};
		18D45861199224500055977F /* testCreatGitTests */ = {
			isa = PBXNativeTarget;
			buildConfigurationList = 18D45876199224500055977F /* Build configuration list for PBXNativeTarget "testCreatGitTests" */;
			buildPhases = (
				18D4585E199224500055977F /* Sources */,
				18D4585F199224500055977F /* Frameworks */,
				18D45860199224500055977F /* Resources */,
			);
			buildRules = (
			);
			dependencies = (
				18D45868199224500055977F /* PBXTargetDependency */,
			);
			name = testCreatGitTests;
			productName = testCreatGitTests;
			productReference = 18D45862199224500055977F /* testCreatGitTests.xctest */;
			productType = "com.apple.product-type.bundle.unit-test";
		};
/* End PBXNativeTarget section */

/* Begin PBXProject section */
		18D458391992244F0055977F /* Project object */ = {
			isa = PBXProject;
			attributes = {
				CLASSPREFIX = ZWY;
				LastUpgradeCheck = 0510;
				ORGANIZATIONNAME = zwy;
				TargetAttributes = {
					18D45861199224500055977F = {
						TestTargetID = 18D458401992244F0055977F;
					};
				};
			};
			buildConfigurationList = 18D4583C1992244F0055977F /* Build configuration list for PBXProject "testCreatGit" */;
			compatibilityVersion = "Xcode 3.2";
			developmentRegion = English;
			hasScannedForEncodings = 0;
			knownRegions = (
				en,
				Base,
			);
			mainGroup = 18D458381992244F0055977F;
			productRefGroup = 18D458421992244F0055977F /* Products */;
			projectDirPath = "";
			projectRoot = "";
			targets = (
				18D458401992244F0055977F /* testCreatGit */,
				18D45861199224500055977F /* testCreatGitTests */,
			);
		};
/* End PBXProject section */

/* Begin PBXResourcesBuildPhase section */
		18D4583F1992244F0055977F /* Resources */ = {
			isa = PBXResourcesBuildPhase;
			buildActionMask = 2147483647;
			files = (
				18D4585D199224500055977F /* Images.xcassets in Resources */,
				18D4584F199224500055977F /* InfoPlist.strings in Resources */,
				18D45858199224500055977F /* Main.storyboard in Resources */,
			);
			runOnlyForDeploymentPostprocessing = 0;
		};
		18D45860199224500055977F /* Resources */ = {
			isa = PBXResourcesBuildPhase;
			buildActionMask = 2147483647;
			files = (
				18D4586E199224500055977F /* InfoPlist.strings in Resources */,
			);
			runOnlyForDeploymentPostprocessing = 0;
		};
/* End PBXResourcesBuildPhase section */

/* Begin PBXSourcesBuildPhase section */
		18D4583D1992244F0055977F /* Sources */ = {
			isa = PBXSourcesBuildPhase;
			buildActionMask = 2147483647;
			files = (
				18D45851199224500055977F /* main.m in Sources */,
				18D45855199224500055977F /* ZWYAppDelegate.m in Sources */,
				18D4585B199224500055977F /* ZWYViewController.m in Sources */,
			);
			runOnlyForDeploymentPostprocessing = 0;
		};
		18D4585E199224500055977F /* Sources */ = {
			isa = PBXSourcesBuildPhase;
			buildActionMask = 2147483647;
			files = (
				18D45870199224500055977F /* testCreatGitTests.m in Sources */,
			);
			runOnlyForDeploymentPostprocessing = 0;
		};
/* End PBXSourcesBuildPhase section */

/* Begin PBXTargetDependency section */
		18D45868199224500055977F /* PBXTargetDependency */ = {
			isa = PBXTargetDependency;
			target = 18D458401992244F0055977F /* testCreatGit */;
			targetProxy = 18D45867199224500055977F /* PBXContainerItemProxy */;
		};
/* End PBXTargetDependency section */

/* Begin PBXVariantGroup section */
		18D4584D199224500055977F /* InfoPlist.strings */ = {
			isa = PBXVariantGroup;
			children = (
				18D4584E199224500055977F /* en */,
			);
			name = InfoPlist.strings;
			sourceTree = "<group>";
		};
		18D45856199224500055977F /* Main.storyboard */ = {
			isa = PBXVariantGroup;
			children = (
				18D45857199224500055977F /* Base */,
			);
			name = Main.storyboard;
			sourceTree = "<group>";
		};
		18D4586C199224500055977F /* InfoPlist.strings */ = {
			isa = PBXVariantGroup;
			children = (
				18D4586D199224500055977F /* en */,
			);
			name = InfoPlist.strings;
			sourceTree = "<group>";
		};
/* End PBXVariantGroup section */

/* Begin XCBuildConfiguration section */
		18D45871199224500055977F /* Debug */ = {
			isa = XCBuildConfiguration;
			buildSettings = {
				ALWAYS_SEARCH_USER_PATHS = NO;
				CLANG_CXX_LANGUAGE_STANDARD = "gnu++0x";
				CLANG_CXX_LIBRARY = "libc++";
				CLANG_ENABLE_MODULES = YES;
				CLANG_ENABLE_OBJC_ARC = YES;
				CLANG_WARN_BOOL_CONVERSION = YES;
				CLANG_WARN_CONSTANT_CONVERSION = YES;
				CLANG_WARN_DIRECT_OBJC_ISA_USAGE = YES_ERROR;
				CLANG_WARN_EMPTY_BODY = YES;
				CLANG_WARN_ENUM_CONVERSION = YES;
				CLANG_WARN_INT_CONVERSION = YES;
				CLANG_WARN_OBJC_ROOT_CLASS = YES_ERROR;
				CLANG_WARN__DUPLICATE_METHOD_MATCH = YES;
				"CODE_SIGN_IDENTITY[sdk=iphoneos*]" = "iPhone Developer";
				COPY_PHASE_STRIP = NO;
				GCC_C_LANGUAGE_STANDARD = gnu99;
				GCC_DYNAMIC_NO_PIC = NO;
				GCC_OPTIMIZATION_LEVEL = 0;
				GCC_PREPROCESSOR_DEFINITIONS = (
					"DEBUG=1",
					"$(inherited)",
				);
				GCC_SYMBOLS_PRIVATE_EXTERN = NO;
				GCC_WARN_64_TO_32_BIT_CONVERSION = YES;
				GCC_WARN_ABOUT_RETURN_TYPE = YES_ERROR;
				GCC_WARN_UNDECLARED_SELECTOR = YES;
				GCC_WARN_UNINITIALIZED_AUTOS = YES_AGGRESSIVE;
				GCC_WARN_UNUSED_FUNCTION = YES;
				GCC_WARN_UNUSED_VARIABLE = YES;
				IPHONEOS_DEPLOYMENT_TARGET = 7.1;
				ONLY_ACTIVE_ARCH = YES;
				SDKROOT = iphoneos;
			};
			name = Debug;
		};
		18D45872199224500055977F /* Release */ = {
			isa = XCBuildConfiguration;
			buildSettings = {
				ALWAYS_SEARCH_USER_PATHS = NO;
				CLANG_CXX_LANGUAGE_STANDARD = "gnu++0x";
				CLANG_CXX_LIBRARY = "libc++";
				CLANG_ENABLE_MODULES = YES;
				CLANG_ENABLE_OBJC_ARC = YES;
				CLANG_WARN_BOOL_CONVERSION = YES;
				CLANG_WARN_CONSTANT_CONVERSION = YES;
				CLANG_WARN_DIRECT_OBJC_ISA_USAGE = YES_ERROR;
				CLANG_WARN_EMPTY_BODY = YES;
				CLANG_WARN_ENUM_CONVERSION = YES;
				CLANG_WARN_INT_CONVERSION = YES;
				CLANG_WARN_OBJC_ROOT_CLASS = YES_ERROR;
				CLANG_WARN__DUPLICATE_METHOD_MATCH = YES;
				"CODE_SIGN_IDENTITY[sdk=iphoneos*]" = "iPhone Developer";
				COPY_PHASE_STRIP = YES;
				ENABLE_NS_ASSERTIONS = NO;
				GCC_C_LANGUAGE_STANDARD = gnu99;
				GCC_WARN_64_TO_32_BIT_CONVERSION = YES;
				GCC_WARN_ABOUT_RETURN_TYPE = YES_ERROR;
				GCC_WARN_UNDECLARED_SELECTOR = YES;
				GCC_WARN_UNINITIALIZED_AUTOS = YES_AGGRESSIVE;
				GCC_WARN_UNUSED_FUNCTION = YES;
				GCC_WARN_UNUSED_VARIABLE = YES;
				IPHONEOS_DEPLOYMENT_TARGET = 7.1;
				SDKROOT = iphoneos;
				VALIDATE_PRODUCT = YES;
			};
			name = Release;
		};
		18D45874199224500055977F /* Debug */ = {
			isa = XCBuildConfiguration;
			buildSettings = {
				ASSETCATALOG_COMPILER_APPICON_NAME = AppIcon;
				ASSETCATALOG_COMPILER_LAUNCHIMAGE_NAME = LaunchImage;
				GCC_PRECOMPILE_PREFIX_HEADER = YES;
				GCC_PREFIX_HEADER = "testCreatGit/testCreatGit-Prefix.pch";
				INFOPLIST_FILE = "testCreatGit/testCreatGit-Info.plist";
				PRODUCT_NAME = "$(TARGET_NAME)";
				WRAPPER_EXTENSION = app;
			};
			name = Debug;
		};
		18D45875199224500055977F /* Release */ = {
			isa = XCBuildConfiguration;
			buildSettings = {
				ASSETCATALOG_COMPILER_APPICON_NAME = AppIcon;
				ASSETCATALOG_COMPILER_LAUNCHIMAGE_NAME = LaunchImage;
				GCC_PRECOMPILE_PREFIX_HEADER = YES;
				GCC_PREFIX_HEADER = "testCreatGit/testCreatGit-Prefix.pch";
				INFOPLIST_FILE = "testCreatGit/testCreatGit-Info.plist";
				PRODUCT_NAME = "$(TARGET_NAME)";
				WRAPPER_EXTENSION = app;
			};
			name = Release;
		};
		18D45877199224500055977F /* Debug */ = {
			isa = XCBuildConfiguration;
			buildSettings = {
				BUNDLE_LOADER = "$(BUILT_PRODUCTS_DIR)/testCreatGit.app/testCreatGit";
				FRAMEWORK_SEARCH_PATHS = (
					"$(SDKROOT)/Developer/Library/Frameworks",
					"$(inherited)",
					"$(DEVELOPER_FRAMEWORKS_DIR)",
				);
				GCC_PRECOMPILE_PREFIX_HEADER = YES;
				GCC_PREFIX_HEADER = "testCreatGit/testCreatGit-Prefix.pch";
				GCC_PREPROCESSOR_DEFINITIONS = (
					"DEBUG=1",
					"$(inherited)",
				);
				INFOPLIST_FILE = "testCreatGitTests/testCreatGitTests-Info.plist";
				PRODUCT_NAME = "$(TARGET_NAME)";
				TEST_HOST = "$(BUNDLE_LOADER)";
				WRAPPER_EXTENSION = xctest;
			};
			name = Debug;
		};
		18D45878199224500055977F /* Release */ = {
			isa = XCBuildConfiguration;
			buildSettings = {
				BUNDLE_LOADER = "$(BUILT_PRODUCTS_DIR)/testCreatGit.app/testCreatGit";
				FRAMEWORK_SEARCH_PATHS = (
					"$(SDKROOT)/Developer/Library/Frameworks",
					"$(inherited)",
					"$(DEVELOPER_FRAMEWORKS_DIR)",
				);
				GCC_PRECOMPILE_PREFIX_HEADER = YES;
				GCC_PREFIX_HEADER = "testCreatGit/testCreatGit-Prefix.pch";
				INFOPLIST_FILE = "testCreatGitTests/testCreatGitTests-Info.plist";
				PRODUCT_NAME = "$(TARGET_NAME)";
				TEST_HOST = "$(BUNDLE_LOADER)";
				WRAPPER_EXTENSION = xctest;
			};
			name = Release;
		};
/* End XCBuildConfiguration section */

/* Begin XCConfigurationList section */
		18D4583C1992244F0055977F /* Build configuration list for PBXProject "testCreatGit" */ = {
			isa = XCConfigurationList;
			buildConfigurations = (
				18D45871199224500055977F /* Debug */,
				18D45872199224500055977F /* Release */,
			);
			defaultConfigurationIsVisible = 0;
			defaultConfigurationName = Release;
		};
		18D45873199224500055977F /* Build configuration list for PBXNativeTarget "testCreatGit" */ = {
			isa = XCConfigurationList;
			buildConfigurations = (
				18D45874199224500055977F /* Debug */,
				18D45875199224500055977F /* Release */,
			);
			defaultConfigurationIsVisible = 0;
		};
		18D45876199224500055977F /* Build configuration list for PBXNativeTarget "testCreatGitTests" */ = {
			isa = XCConfigurationList;
			buildConfigurations = (
				18D45877199224500055977F /* Debug */,
				18D45878199224500055977F /* Release */,
			);
			defaultConfigurationIsVisible = 0;
		};
/* End XCConfigurationList section */
	};
	rootObject = 18D458391992244F0055977F /* Project object */;
}
